[[package]]
name = "astropy"
version = "4.3.1"
description = "Astronomy and astrophysics core library"
category = "main"
optional = false
python-versions = ">=3.7"

[package.dependencies]
numpy = ">=1.17"
pyerfa = ">=1.7.3"

[package.extras]
all = ["PyYAML (>=3.13)", "asdf (>=2.6)", "beautifulsoup4", "bleach", "bottleneck", "certifi", "dask[array]", "h5py", "html5lib", "ipython (>=4.2)", "jplephem", "matplotlib (>=3.0,!=3.4.0)", "mpmath", "pandas", "pytest", "pytz", "scipy (>=1.1)", "sortedcontainers"]
docs = ["PyYAML (>=3.13)", "matplotlib (>=3.1,!=3.4.0)", "packaging", "pytest", "scipy (>=1.1)", "sphinx (<4)", "sphinx-astropy (>=1.3)", "sphinx-changelog (>=1.1.0)"]
test = ["coverage", "ipython (>=4.2)", "objgraph", "packaging", "pytest-astropy (>=0.8)", "pytest-xdist", "sgp4 (>=2.3)", "skyfield (>=1.20)"]

[[package]]
name = "atomicwrites"
version = "1.4.1"
description = "Atomic file writes."
category = "dev"
optional = false
python-versions = ">=2.7, !=3.0.*, !=3.1.*, !=3.2.*, !=3.3.*"

[[package]]
name = "attrs"
version = "23.1.0"
description = "Classes Without Boilerplate"
category = "dev"
optional = false
python-versions = ">=3.7"

[package.extras]
cov = ["attrs[tests]", "coverage[toml] (>=5.3)"]
dev = ["attrs[docs,tests]", "pre-commit"]
docs = ["furo", "myst-parser", "sphinx", "sphinx-notfound-page", "sphinxcontrib-towncrier", "towncrier", "zope-interface"]
tests = ["attrs[tests-no-zope]", "zope-interface"]
tests-no-zope = ["cloudpickle", "hypothesis", "mypy (>=1.1.1)", "pympler", "pytest (>=4.3.0)", "pytest-mypy-plugins", "pytest-xdist[psutil]"]

[[package]]
name = "colorama"
version = "0.4.6"
description = "Cross-platform colored terminal text."
category = "dev"
optional = false
python-versions = "!=3.0.*,!=3.1.*,!=3.2.*,!=3.3.*,!=3.4.*,!=3.5.*,!=3.6.*,>=2.7"

[[package]]
name = "deepclean-architectures"
version = "0.0.1"
description = "DeepClean neural network architecture zoo"
category = "main"
optional = false
python-versions = "^3.8,<3.10"
develop = true

[package.dependencies]
torch = "^1.0"

[package.source]
type = "directory"
url = "../architectures"

[[package]]
name = "deepclean-base"
version = "0.0.1"
description = "Dummy base library for constraining versions"
category = "main"
optional = false
python-versions = "^3.8,<3.11"
develop = true

[package.dependencies]
astropy = "<5.0"
numpy = "<1.23"
packaging = "<21.0"
scipy = "<1.8"

[package.source]
type = "directory"
url = "../base"

[[package]]
name = "deepclean-export"
version = "0.0.1"
description = "Model export utilities"
category = "main"
optional = false
python-versions = "^3.8,<3.10"
develop = true

[package.dependencies]
torch = "^1.0"

[package.source]
type = "directory"
url = "../export"

[[package]]
name = "deepclean-signal"
version = "0.0.1"
description = "DeepClean signal processing utilities"
category = "main"
optional = false
python-versions = "^3.8,<3.11"
develop = true

[package.dependencies]
numpy = "^1.21"
scipy = "^1.7"

[package.source]
type = "directory"
url = "../signal"

[[package]]
name = "hermes-typeo"
version = "0.1.5"
description = "Utilities for running functions as scripts"
category = "main"
optional = false
python-versions = ">=3.8,<4.0"

[package.dependencies]
toml = ">=0.10.2,<0.11.0"

[[package]]
name = "iniconfig"
version = "2.0.0"
description = "brain-dead simple config-ini parsing"
category = "dev"
optional = false
python-versions = ">=3.7"

[[package]]
name = "numpy"
version = "1.22.4"
description = "NumPy is the fundamental package for array computing with Python."
category = "main"
optional = false
python-versions = ">=3.8"

[[package]]
name = "packaging"
version = "20.9"
description = "Core utilities for Python packages"
category = "main"
optional = false
python-versions = ">=2.7, !=3.0.*, !=3.1.*, !=3.2.*, !=3.3.*"

[package.dependencies]
pyparsing = ">=2.0.2"

[[package]]
name = "pluggy"
version = "1.0.0"
description = "plugin and hook calling mechanisms for python"
category = "dev"
optional = false
python-versions = ">=3.6"

[package.extras]
dev = ["pre-commit", "tox"]
testing = ["pytest", "pytest-benchmark"]

[[package]]
name = "py"
version = "1.11.0"
description = "library with cross-python path, ini-parsing, io, code, log facilities"
category = "dev"
optional = false
python-versions = ">=2.7, !=3.0.*, !=3.1.*, !=3.2.*, !=3.3.*, !=3.4.*"

[[package]]
name = "pyerfa"
version = "2.0.0.3"
description = "Python bindings for ERFA"
category = "main"
optional = false
python-versions = ">=3.7"

[package.dependencies]
numpy = ">=1.17"

[package.extras]
docs = ["sphinx-astropy (>=1.3)"]
test = ["pytest", "pytest-doctestplus (>=0.7)"]

[[package]]
name = "pyparsing"
version = "3.0.9"
description = "pyparsing module - Classes and methods to define and execute parsing grammars"
category = "main"
optional = false
python-versions = ">=3.6.8"

[package.extras]
diagrams = ["jinja2", "railroad-diagrams"]

[[package]]
name = "pytest"
version = "6.2.5"
description = "pytest: simple powerful testing with Python"
category = "dev"
optional = false
python-versions = ">=3.6"

[package.dependencies]
atomicwrites = {version = ">=1.0", markers = "sys_platform == \"win32\""}
attrs = ">=19.2.0"
colorama = {version = "*", markers = "sys_platform == \"win32\""}
iniconfig = "*"
packaging = "*"
pluggy = ">=0.12,<2.0"
py = ">=1.8.2"
toml = "*"

[package.extras]
testing = ["argcomplete", "hypothesis (>=3.56)", "mock", "nose", "requests", "xmlschema"]

[[package]]
name = "scipy"
version = "1.7.3"
description = "SciPy: Scientific Library for Python"
category = "main"
optional = false
python-versions = ">=3.7,<3.11"

[package.dependencies]
numpy = ">=1.16.5,<1.23.0"

[[package]]
name = "toml"
version = "0.10.2"
description = "Python Library for Tom's Obvious, Minimal Language"
category = "main"
optional = false
python-versions = ">=2.6, !=3.0.*, !=3.1.*, !=3.2.*"

[[package]]
name = "torch"
version = "1.13.1+cu116"
description = "Tensors and Dynamic neural networks in Python with strong GPU acceleration"
category = "main"
optional = false
python-versions = ">=3.7.0"

[package.dependencies]
typing-extensions = "*"

[package.extras]
opt-einsum = ["opt-einsum (>=3.3)"]

[package.source]
type = "legacy"
url = "https://download.pytorch.org/whl/cu116"
reference = "torch"

[[package]]
name = "typing-extensions"
version = "4.6.3"
description = "Backported and Experimental Type Hints for Python 3.7+"
category = "main"
optional = false
python-versions = ">=3.7"

[metadata]
lock-version = "1.1"
python-versions = "^3.8,<3.10"
content-hash = "fc88ed0515faa7e26f42fe7a57596f696147d3002597440b95efc91e18079fb3"

[metadata.files]
astropy = [
    {file = "astropy-4.3.1-cp37-cp37m-macosx_10_9_x86_64.whl", hash = "sha256:a0764d7f68034c584dda8d1c9cc4357ade05cec4c1134db43bce804fcf656ff1"},
    {file = "astropy-4.3.1-cp37-cp37m-manylinux_2_12_i686.manylinux2010_i686.whl", hash = "sha256:ce1095e385ec74c655866eacd1853535fbc2dd2c42a8188503fe9a68b8a98ea0"},
    {file = "astropy-4.3.1-cp37-cp37m-manylinux_2_12_x86_64.manylinux2010_x86_64.whl", hash = "sha256:9a01cc7b9d50f265d5d77e1f7206cda22c62720f5bed63158ee56440708848ea"},
    {file = "astropy-4.3.1-cp37-cp37m-win32.whl", hash = "sha256:98bba44f60bb3584b3ad24d1ffad1763138d4d18fc7ca31921732d2449419dd9"},
    {file = "astropy-4.3.1-cp37-cp37m-win_amd64.whl", hash = "sha256:aae1e9e6b2c7811070e4a3373c54eac603f882dc381a796b981a25c02e7fafe2"},
    {file = "astropy-4.3.1-cp38-cp38-macosx_10_9_x86_64.whl", hash = "sha256:6a5fb4ce4c964f02d7ac2b755f80f5210157a413cbfcdccbc25ad6e7586c258f"},
    {file = "astropy-4.3.1-cp38-cp38-manylinux_2_12_i686.manylinux2010_i686.whl", hash = "sha256:9e5613e897cb6da64330c5969981f576385491ff5ea61435218117d717a71ff2"},
    {file = "astropy-4.3.1-cp38-cp38-manylinux_2_12_x86_64.manylinux2010_x86_64.whl", hash = "sha256:0b4576d9bc2ab8359f2c4b87d0496c5ad768c7a14d1b16dc634ec24d22147c79"},
    {file = "astropy-4.3.1-cp38-cp38-win32.whl", hash = "sha256:26f8dce66d3de8aa761508d76b99627ed745d99ec7c5e10289566c2082fa7dc3"},
    {file = "astropy-4.3.1-cp38-cp38-win_amd64.whl", hash = "sha256:bcedff7bad0fbc70209751e8eb98eec7c0bd3f0e202f4ee7ff65b8ddf19d5e53"},
    {file = "astropy-4.3.1-cp39-cp39-macosx_10_9_x86_64.whl", hash = "sha256:beddc4a365d696214e13ff9aa9362d418ecc112f1dba6338f8ac4218fe475e25"},
    {file = "astropy-4.3.1-cp39-cp39-manylinux_2_12_i686.manylinux2010_i686.whl", hash = "sha256:4b0ff70baee2a2c768cfc5f7966a371fa0741c93a7283d7e99d6a668f2606851"},
    {file = "astropy-4.3.1-cp39-cp39-manylinux_2_12_x86_64.manylinux2010_x86_64.whl", hash = "sha256:34992c0ac1da577d7a1b13171cd8097cdb4544f09687bbd27e433806d3fd2e9f"},
    {file = "astropy-4.3.1-cp39-cp39-win32.whl", hash = "sha256:dcb6d7e6631d92d5d15b7ae4e0a994829609b09a4e3af2055995187edb8989e3"},
    {file = "astropy-4.3.1-cp39-cp39-win_amd64.whl", hash = "sha256:434ab46e85f5406acc9f2d2084e5e36890abeaf615c8aa71178e835134b64726"},
    {file = "astropy-4.3.1.tar.gz", hash = "sha256:2d3951223b4eb7f368fcad8c8340d27374c5d8e3b635a636275acdb38f35cd51"},
]
atomicwrites = [
    {file = "atomicwrites-1.4.1.tar.gz", hash = "sha256:81b2c9071a49367a7f770170e5eec8cb66567cfbbc8c73d20ce5ca4a8d71cf11"},
]
attrs = [
    {file = "attrs-23.1.0-py3-none-any.whl", hash = "sha256:1f28b4522cdc2fb4256ac1a020c78acf9cba2c6b461ccd2c126f3aa8e8335d04"},
    {file = "attrs-23.1.0.tar.gz", hash = "sha256:6279836d581513a26f1bf235f9acd333bc9115683f14f7e8fae46c98fc50e015"},
]
colorama = [
    {file = "colorama-0.4.6-py2.py3-none-any.whl", hash = "sha256:4f1d9991f5acc0ca119f9d443620b77f9d6b33703e51011c16baf57afb285fc6"},
    {file = "colorama-0.4.6.tar.gz", hash = "sha256:08695f5cb7ed6e0531a20572697297273c47b8cae5a63ffc6d6ed5c201be6e44"},
]
deepclean-architectures = []
deepclean-base = []
deepclean-export = []
deepclean-signal = []
hermes-typeo = [
    {file = "hermes.typeo-0.1.5-py3-none-any.whl", hash = "sha256:a1fff2eeb257fb6f4f4b4b397681f2eddee59a4b8b3dd275f0fd9dac38e3371b"},
    {file = "hermes.typeo-0.1.5.tar.gz", hash = "sha256:8bd1d97a698c0e99a7d2a6b3b082c8b8290aea1bf0e6a44548752ca178a8c73e"},
]
iniconfig = [
    {file = "iniconfig-2.0.0-py3-none-any.whl", hash = "sha256:b6a85871a79d2e3b22d2d1b94ac2824226a63c6b741c88f7ae975f18b6778374"},
    {file = "iniconfig-2.0.0.tar.gz", hash = "sha256:2d91e135bf72d31a410b17c16da610a82cb55f6b0477d1a902134b24a455b8b3"},
]
numpy = [
    {file = "numpy-1.22.4-cp310-cp310-macosx_10_14_x86_64.whl", hash = "sha256:ba9ead61dfb5d971d77b6c131a9dbee62294a932bf6a356e48c75ae684e635b3"},
    {file = "numpy-1.22.4-cp310-cp310-macosx_10_15_x86_64.whl", hash = "sha256:1ce7ab2053e36c0a71e7a13a7475bd3b1f54750b4b433adc96313e127b870887"},
    {file = "numpy-1.22.4-cp310-cp310-macosx_11_0_arm64.whl", hash = "sha256:7228ad13744f63575b3a972d7ee4fd61815b2879998e70930d4ccf9ec721dce0"},
    {file = "numpy-1.22.4-cp310-cp310-manylinux_2_17_aarch64.manylinux2014_aarch64.whl", hash = "sha256:43a8ca7391b626b4c4fe20aefe79fec683279e31e7c79716863b4b25021e0e74"},
    {file = "numpy-1.22.4-cp310-cp310-manylinux_2_17_x86_64.manylinux2014_x86_64.whl", hash = "sha256:a911e317e8c826ea632205e63ed8507e0dc877dcdc49744584dfc363df9ca08c"},
    {file = "numpy-1.22.4-cp310-cp310-win32.whl", hash = "sha256:9ce7df0abeabe7fbd8ccbf343dc0db72f68549856b863ae3dd580255d009648e"},
    {file = "numpy-1.22.4-cp310-cp310-win_amd64.whl", hash = "sha256:3e1ffa4748168e1cc8d3cde93f006fe92b5421396221a02f2274aab6ac83b077"},
    {file = "numpy-1.22.4-cp38-cp38-macosx_10_15_x86_64.whl", hash = "sha256:59d55e634968b8f77d3fd674a3cf0b96e85147cd6556ec64ade018f27e9479e1"},
    {file = "numpy-1.22.4-cp38-cp38-macosx_11_0_arm64.whl", hash = "sha256:c1d937820db6e43bec43e8d016b9b3165dcb42892ea9f106c70fb13d430ffe72"},
    {file = "numpy-1.22.4-cp38-cp38-manylinux_2_17_aarch64.manylinux2014_aarch64.whl", hash = "sha256:d4c5d5eb2ec8da0b4f50c9a843393971f31f1d60be87e0fb0917a49133d257d6"},
    {file = "numpy-1.22.4-cp38-cp38-manylinux_2_17_x86_64.manylinux2014_x86_64.whl", hash = "sha256:64f56fc53a2d18b1924abd15745e30d82a5782b2cab3429aceecc6875bd5add0"},
    {file = "numpy-1.22.4-cp38-cp38-win32.whl", hash = "sha256:fb7a980c81dd932381f8228a426df8aeb70d59bbcda2af075b627bbc50207cba"},
    {file = "numpy-1.22.4-cp38-cp38-win_amd64.whl", hash = "sha256:e96d7f3096a36c8754207ab89d4b3282ba7b49ea140e4973591852c77d09eb76"},
    {file = "numpy-1.22.4-cp39-cp39-macosx_10_14_x86_64.whl", hash = "sha256:4c6036521f11a731ce0648f10c18ae66d7143865f19f7299943c985cdc95afb5"},
    {file = "numpy-1.22.4-cp39-cp39-macosx_10_15_x86_64.whl", hash = "sha256:b89bf9b94b3d624e7bb480344e91f68c1c6c75f026ed6755955117de00917a7c"},
    {file = "numpy-1.22.4-cp39-cp39-macosx_11_0_arm64.whl", hash = "sha256:2d487e06ecbf1dc2f18e7efce82ded4f705f4bd0cd02677ffccfb39e5c284c7e"},
    {file = "numpy-1.22.4-cp39-cp39-manylinux_2_17_aarch64.manylinux2014_aarch64.whl", hash = "sha256:f3eb268dbd5cfaffd9448113539e44e2dd1c5ca9ce25576f7c04a5453edc26fa"},
    {file = "numpy-1.22.4-cp39-cp39-manylinux_2_17_x86_64.manylinux2014_x86_64.whl", hash = "sha256:37431a77ceb9307c28382c9773da9f306435135fae6b80b62a11c53cfedd8802"},
    {file = "numpy-1.22.4-cp39-cp39-win32.whl", hash = "sha256:cc7f00008eb7d3f2489fca6f334ec19ca63e31371be28fd5dad955b16ec285bd"},
    {file = "numpy-1.22.4-cp39-cp39-win_amd64.whl", hash = "sha256:f0725df166cf4785c0bc4cbfb320203182b1ecd30fee6e541c8752a92df6aa32"},
    {file = "numpy-1.22.4-pp38-pypy38_pp73-manylinux_2_17_x86_64.manylinux2014_x86_64.whl", hash = "sha256:0791fbd1e43bf74b3502133207e378901272f3c156c4df4954cad833b1380207"},
    {file = "numpy-1.22.4.zip", hash = "sha256:425b390e4619f58d8526b3dcf656dde069133ae5c240229821f01b5f44ea07af"},
]
packaging = [
    {file = "packaging-20.9-py2.py3-none-any.whl", hash = "sha256:67714da7f7bc052e064859c05c595155bd1ee9f69f76557e21f051443c20947a"},
    {file = "packaging-20.9.tar.gz", hash = "sha256:5b327ac1320dc863dca72f4514ecc086f31186744b84a230374cc1fd776feae5"},
]
pluggy = [
    {file = "pluggy-1.0.0-py2.py3-none-any.whl", hash = "sha256:74134bbf457f031a36d68416e1509f34bd5ccc019f0bcc952c7b909d06b37bd3"},
    {file = "pluggy-1.0.0.tar.gz", hash = "sha256:4224373bacce55f955a878bf9cfa763c1e360858e330072059e10bad68531159"},
]
py = [
    {file = "py-1.11.0-py2.py3-none-any.whl", hash = "sha256:607c53218732647dff4acdfcd50cb62615cedf612e72d1724fb1a0cc6405b378"},
    {file = "py-1.11.0.tar.gz", hash = "sha256:51c75c4126074b472f746a24399ad32f6053d1b34b68d2fa41e558e6f4a98719"},
]
pyerfa = [
    {file = "pyerfa-2.0.0.3-cp310-cp310-macosx_10_9_x86_64.whl", hash = "sha256:676515861ca3f0cb9d7e693389233e7126413a5ba93a0cc4d36b8ca933951e8d"},
    {file = "pyerfa-2.0.0.3-cp310-cp310-macosx_11_0_arm64.whl", hash = "sha256:a438865894d226247dcfcb60d683ae075a52716504537052371b2b73458fe4fc"},
    {file = "pyerfa-2.0.0.3-cp310-cp310-manylinux_2_17_aarch64.manylinux2014_aarch64.whl", hash = "sha256:73bf7d23f069d47632a2feeb1e73454b10392c4f3c16116017a6983f1f0e9b2b"},
    {file = "pyerfa-2.0.0.3-cp310-cp310-manylinux_2_17_x86_64.manylinux2014_x86_64.whl", hash = "sha256:780b0f90adf500b8ba24e9d509a690576a7e8287e354cfb90227c5963690d3fc"},
    {file = "pyerfa-2.0.0.3-cp310-cp310-manylinux_2_5_i686.manylinux1_i686.manylinux_2_17_i686.manylinux2014_i686.whl", hash = "sha256:5447bb45ddedde3052693c86b941a4908f5dbeb4a697bda45b5b89de92cfb74a"},
    {file = "pyerfa-2.0.0.3-cp310-cp310-musllinux_1_1_x86_64.whl", hash = "sha256:7c24e7960c6cdd3fa3f4dba5f3444a106ad48c94ff0b19eebaee06a142c18c52"},
    {file = "pyerfa-2.0.0.3-cp310-cp310-win32.whl", hash = "sha256:170a83bd0243da518119b846f296cf33fa03f1f884a88578c1a38560182cf64e"},
    {file = "pyerfa-2.0.0.3-cp310-cp310-win_amd64.whl", hash = "sha256:51aa6e0faa4aa9ad8f0eef1c47fec76c5bebc0da7023a436089bdd6e5cfd625f"},
    {file = "pyerfa-2.0.0.3-cp311-cp311-macosx_10_9_x86_64.whl", hash = "sha256:4fa9fceeb78057bfff7ae3aa6cdad3f1b193722de22bdbb75319256f4a9e2f76"},
    {file = "pyerfa-2.0.0.3-cp311-cp311-macosx_11_0_arm64.whl", hash = "sha256:a8a2029fc62ff2369d01219f66a5ce6aed35ef33eddb06118b6c27e8573a9ed8"},
    {file = "pyerfa-2.0.0.3-cp311-cp311-manylinux_2_17_aarch64.manylinux2014_aarch64.whl", hash = "sha256:da888da2c8db5a78273fbf0af4e74f04e2d312d371c3c021cf6c3b14fa60fe3b"},
    {file = "pyerfa-2.0.0.3-cp311-cp311-manylinux_2_17_x86_64.manylinux2014_x86_64.whl", hash = "sha256:7354753addba5261ec1cbf1ba45784ed3a5c42da565ecc6e0aa36b7a17fa4689"},
    {file = "pyerfa-2.0.0.3-cp311-cp311-manylinux_2_5_i686.manylinux1_i686.manylinux_2_17_i686.manylinux2014_i686.whl", hash = "sha256:3b55f7278c1dd362648d7956e1a5365ade5fed2fe5541b721b3ceb5271128892"},
    {file = "pyerfa-2.0.0.3-cp311-cp311-musllinux_1_1_x86_64.whl", hash = "sha256:23e5efcf96ed7161d74f79ca261d255e1f36988843d22cd97d8f60fe9c868d44"},
    {file = "pyerfa-2.0.0.3-cp311-cp311-win32.whl", hash = "sha256:f0e9d0b122c454bcad5dbd0c3283b200783031d3f99ca9c550f49a7a7d4c41ea"},
    {file = "pyerfa-2.0.0.3-cp311-cp311-win_amd64.whl", hash = "sha256:09af83540e23a7d61a8368b0514b3daa4ed967e1e52d0add4f501f58c500dd7f"},
    {file = "pyerfa-2.0.0.3-cp37-cp37m-macosx_10_9_x86_64.whl", hash = "sha256:6a07444fd53a5dd18d7955f86f8d9b1be9a68ceb143e1145c0019a310c913c04"},
    {file = "pyerfa-2.0.0.3-cp37-cp37m-manylinux_2_17_aarch64.manylinux2014_aarch64.whl", hash = "sha256:daf7364e475cff1f973e2fcf6962de9df9642c8802b010e29b2c592ae337e3c5"},
    {file = "pyerfa-2.0.0.3-cp37-cp37m-manylinux_2_17_x86_64.manylinux2014_x86_64.whl", hash = "sha256:e8458421166f6ffe2e259aaf4aaa6e802d6539649a40e3194a81d30dccdc167a"},
    {file = "pyerfa-2.0.0.3-cp37-cp37m-manylinux_2_5_i686.manylinux1_i686.manylinux_2_17_i686.manylinux2014_i686.whl", hash = "sha256:96ea688341176ae6220cc4743cda655549d71e3e3b60c5a99d02d5912d0ddf55"},
    {file = "pyerfa-2.0.0.3-cp37-cp37m-musllinux_1_1_x86_64.whl", hash = "sha256:d56f6b5a0a3ed7b80d630041829463a872946df277259b5453298842d42a54a4"},
    {file = "pyerfa-2.0.0.3-cp37-cp37m-win32.whl", hash = "sha256:3ecb598924ddb4ea2b06efc6f1e55ca70897ed178a690e2eaa1e290448466c7c"},
    {file = "pyerfa-2.0.0.3-cp37-cp37m-win_amd64.whl", hash = "sha256:1033fdb890ec70d3a511e20a464afc8abbea2180108f27b14d8f1d1addc38cbe"},
    {file = "pyerfa-2.0.0.3-cp38-cp38-macosx_10_9_x86_64.whl", hash = "sha256:2d8c0dbb17119e52def33f9d6dbf2deaf2113ed3e657b6ff692df9b6a3598397"},
    {file = "pyerfa-2.0.0.3-cp38-cp38-macosx_11_0_arm64.whl", hash = "sha256:8a1edd2cbe4ead3bf9a51e578d5d83bdd7ab3b3ccb69e09b89a4c42aa5b35ffb"},
    {file = "pyerfa-2.0.0.3-cp38-cp38-manylinux_2_17_aarch64.manylinux2014_aarch64.whl", hash = "sha256:a04c3b715c924b6f972dd440a94a701a16a07700bc8ba9e88b1df765bdc36ad0"},
    {file = "pyerfa-2.0.0.3-cp38-cp38-manylinux_2_17_x86_64.manylinux2014_x86_64.whl", hash = "sha256:7d01c341c45b860ee5c7585ef003118c8015e9d65c30668d2f5bf657e1dcdd68"},
    {file = "pyerfa-2.0.0.3-cp38-cp38-manylinux_2_5_i686.manylinux1_i686.manylinux_2_17_i686.manylinux2014_i686.whl", hash = "sha256:24d89ead30edc6038408336ad9b696683e74c4eef550708fca6afef3ecd5b010"},
    {file = "pyerfa-2.0.0.3-cp38-cp38-musllinux_1_1_x86_64.whl", hash = "sha256:0b8c5e74d48a505a014e855cd4c7be11604901d94fd6f34b685f6720b7b20ed8"},
    {file = "pyerfa-2.0.0.3-cp38-cp38-win32.whl", hash = "sha256:2ccba04de166d81bdd3adcf10428d908ce2f3a56ed1c2767d740fec12680edbd"},
    {file = "pyerfa-2.0.0.3-cp38-cp38-win_amd64.whl", hash = "sha256:3df87743e27588c5bd5e1f3a886629b3277fdd418059ca048420d33169376775"},
    {file = "pyerfa-2.0.0.3-cp39-cp39-macosx_10_9_x86_64.whl", hash = "sha256:88aa1acedf298d255cc4b0740ee11a3b303b71763dba2f039d48abf0a95cf9df"},
    {file = "pyerfa-2.0.0.3-cp39-cp39-macosx_11_0_arm64.whl", hash = "sha256:06d4f08e96867b1fc3ae9a9e4b38693ed0806463288efc41473ad16e14774504"},
    {file = "pyerfa-2.0.0.3-cp39-cp39-manylinux_2_17_aarch64.manylinux2014_aarch64.whl", hash = "sha256:f1819e0d95ff8dead80614f8063919d82b2dbb55437b6c0109d3393c1ab55954"},
    {file = "pyerfa-2.0.0.3-cp39-cp39-manylinux_2_17_x86_64.manylinux2014_x86_64.whl", hash = "sha256:61f1097ac2ee8c15a2a636cdfb99340d708574d66f4610456bd457d1e6b852f4"},
    {file = "pyerfa-2.0.0.3-cp39-cp39-manylinux_2_5_i686.manylinux1_i686.manylinux_2_17_i686.manylinux2014_i686.whl", hash = "sha256:36f42ee01a62c6cbba58103e6f8e600b21ad3a71262dccf03d476efb4a20ea71"},
    {file = "pyerfa-2.0.0.3-cp39-cp39-musllinux_1_1_x86_64.whl", hash = "sha256:3ecd6167b48bb8f1922fae7b49554616f2e7382748a4320ad46ebd7e2cc62f3d"},
    {file = "pyerfa-2.0.0.3-cp39-cp39-win32.whl", hash = "sha256:7f9eabfefa5317ce58fe22480102902f10f270fc64a5636c010f7c0b7e0fb032"},
    {file = "pyerfa-2.0.0.3-cp39-cp39-win_amd64.whl", hash = "sha256:4ea7ca03ecc440224c2bed8fb136fadf6cf8aea8ba67d717f635116f30c8cc8c"},
    {file = "pyerfa-2.0.0.3.tar.gz", hash = "sha256:d77fbbfa58350c194ccb99e5d93aa05d3c2b14d5aad8b662d93c6ad9fff41f39"},
]
pyparsing = [
    {file = "pyparsing-3.0.9-py3-none-any.whl", hash = "sha256:5026bae9a10eeaefb61dab2f09052b9f4307d44aee4eda64b309723d8d206bbc"},
    {file = "pyparsing-3.0.9.tar.gz", hash = "sha256:2b020ecf7d21b687f219b71ecad3631f644a47f01403fa1d1036b0c6416d70fb"},
]
pytest = [
    {file = "pytest-6.2.5-py3-none-any.whl", hash = "sha256:7310f8d27bc79ced999e760ca304d69f6ba6c6649c0b60fb0e04a4a77cacc134"},
    {file = "pytest-6.2.5.tar.gz", hash = "sha256:131b36680866a76e6781d13f101efb86cf674ebb9762eb70d3082b6f29889e89"},
]
scipy = [
    {file = "scipy-1.7.3-1-cp310-cp310-macosx_12_0_arm64.whl", hash = "sha256:c9e04d7e9b03a8a6ac2045f7c5ef741be86727d8f49c45db45f244bdd2bcff17"},
    {file = "scipy-1.7.3-1-cp38-cp38-macosx_12_0_arm64.whl", hash = "sha256:b0e0aeb061a1d7dcd2ed59ea57ee56c9b23dd60100825f98238c06ee5cc4467e"},
    {file = "scipy-1.7.3-1-cp39-cp39-macosx_12_0_arm64.whl", hash = "sha256:b78a35c5c74d336f42f44106174b9851c783184a85a3fe3e68857259b37b9ffb"},
    {file = "scipy-1.7.3-cp310-cp310-macosx_10_9_x86_64.whl", hash = "sha256:173308efba2270dcd61cd45a30dfded6ec0085b4b6eb33b5eb11ab443005e088"},
    {file = "scipy-1.7.3-cp310-cp310-macosx_12_0_arm64.whl", hash = "sha256:21b66200cf44b1c3e86495e3a436fc7a26608f92b8d43d344457c54f1c024cbc"},
    {file = "scipy-1.7.3-cp310-cp310-manylinux_2_17_aarch64.manylinux2014_aarch64.whl", hash = "sha256:ceebc3c4f6a109777c0053dfa0282fddb8893eddfb0d598574acfb734a926168"},
    {file = "scipy-1.7.3-cp310-cp310-manylinux_2_17_x86_64.manylinux2014_x86_64.whl", hash = "sha256:f7eaea089345a35130bc9a39b89ec1ff69c208efa97b3f8b25ea5d4c41d88094"},
    {file = "scipy-1.7.3-cp310-cp310-win_amd64.whl", hash = "sha256:304dfaa7146cffdb75fbf6bb7c190fd7688795389ad060b970269c8576d038e9"},
    {file = "scipy-1.7.3-cp37-cp37m-macosx_10_9_x86_64.whl", hash = "sha256:033ce76ed4e9f62923e1f8124f7e2b0800db533828c853b402c7eec6e9465d80"},
    {file = "scipy-1.7.3-cp37-cp37m-manylinux_2_12_i686.manylinux2010_i686.whl", hash = "sha256:4d242d13206ca4302d83d8a6388c9dfce49fc48fdd3c20efad89ba12f785bf9e"},
    {file = "scipy-1.7.3-cp37-cp37m-manylinux_2_12_x86_64.manylinux2010_x86_64.whl", hash = "sha256:8499d9dd1459dc0d0fe68db0832c3d5fc1361ae8e13d05e6849b358dc3f2c279"},
    {file = "scipy-1.7.3-cp37-cp37m-manylinux_2_17_aarch64.manylinux2014_aarch64.whl", hash = "sha256:ca36e7d9430f7481fc7d11e015ae16fbd5575615a8e9060538104778be84addf"},
    {file = "scipy-1.7.3-cp37-cp37m-win32.whl", hash = "sha256:e2c036492e673aad1b7b0d0ccdc0cb30a968353d2c4bf92ac8e73509e1bf212c"},
    {file = "scipy-1.7.3-cp37-cp37m-win_amd64.whl", hash = "sha256:866ada14a95b083dd727a845a764cf95dd13ba3dc69a16b99038001b05439709"},
    {file = "scipy-1.7.3-cp38-cp38-macosx_10_9_x86_64.whl", hash = "sha256:65bd52bf55f9a1071398557394203d881384d27b9c2cad7df9a027170aeaef93"},
    {file = "scipy-1.7.3-cp38-cp38-macosx_12_0_arm64.whl", hash = "sha256:f99d206db1f1ae735a8192ab93bd6028f3a42f6fa08467d37a14eb96c9dd34a3"},
    {file = "scipy-1.7.3-cp38-cp38-manylinux_2_12_i686.manylinux2010_i686.whl", hash = "sha256:5f2cfc359379c56b3a41b17ebd024109b2049f878badc1e454f31418c3a18436"},
    {file = "scipy-1.7.3-cp38-cp38-manylinux_2_17_aarch64.manylinux2014_aarch64.whl", hash = "sha256:eb7ae2c4dbdb3c9247e07acc532f91077ae6dbc40ad5bd5dca0bb5a176ee9bda"},
    {file = "scipy-1.7.3-cp38-cp38-manylinux_2_17_x86_64.manylinux2014_x86_64.whl", hash = "sha256:95c2d250074cfa76715d58830579c64dff7354484b284c2b8b87e5a38321672c"},
    {file = "scipy-1.7.3-cp38-cp38-win32.whl", hash = "sha256:87069cf875f0262a6e3187ab0f419f5b4280d3dcf4811ef9613c605f6e4dca95"},
    {file = "scipy-1.7.3-cp38-cp38-win_amd64.whl", hash = "sha256:7edd9a311299a61e9919ea4192dd477395b50c014cdc1a1ac572d7c27e2207fa"},
    {file = "scipy-1.7.3-cp39-cp39-macosx_10_9_x86_64.whl", hash = "sha256:eef93a446114ac0193a7b714ce67659db80caf940f3232bad63f4c7a81bc18df"},
    {file = "scipy-1.7.3-cp39-cp39-macosx_12_0_arm64.whl", hash = "sha256:eb326658f9b73c07081300daba90a8746543b5ea177184daed26528273157294"},
    {file = "scipy-1.7.3-cp39-cp39-manylinux_2_12_i686.manylinux2010_i686.whl", hash = "sha256:93378f3d14fff07572392ce6a6a2ceb3a1f237733bd6dcb9eb6a2b29b0d19085"},
    {file = "scipy-1.7.3-cp39-cp39-manylinux_2_17_aarch64.manylinux2014_aarch64.whl", hash = "sha256:edad1cf5b2ce1912c4d8ddad20e11d333165552aba262c882e28c78bbc09dbf6"},
    {file = "scipy-1.7.3-cp39-cp39-manylinux_2_17_x86_64.manylinux2014_x86_64.whl", hash = "sha256:5d1cc2c19afe3b5a546ede7e6a44ce1ff52e443d12b231823268019f608b9b12"},
    {file = "scipy-1.7.3-cp39-cp39-win32.whl", hash = "sha256:2c56b820d304dffcadbbb6cbfbc2e2c79ee46ea291db17e288e73cd3c64fefa9"},
    {file = "scipy-1.7.3-cp39-cp39-win_amd64.whl", hash = "sha256:3f78181a153fa21c018d346f595edd648344751d7f03ab94b398be2ad083ed3e"},
    {file = "scipy-1.7.3.tar.gz", hash = "sha256:ab5875facfdef77e0a47d5fd39ea178b58e60e454a4c85aa1e52fcb80db7babf"},
]
toml = [
    {file = "toml-0.10.2-py2.py3-none-any.whl", hash = "sha256:806143ae5bfb6a3c6e736a764057db0e6a0e05e338b5630894a5f779cabb4f9b"},
    {file = "toml-0.10.2.tar.gz", hash = "sha256:b3bda1d108d5dd99f4a20d24d9c348e91c4db7ab1b749200bded2f839ccbe68f"},
]
torch = [
    {file = "torch-1.13.1+cu116-cp310-cp310-linux_x86_64.whl", hash = "sha256:51d5870cdf05b6208b1c739fe0ba511b977eca37f9507829675596acc11b6ca4"},
    {file = "torch-1.13.1+cu116-cp310-cp310-win_amd64.whl", hash = "sha256:6d59b73bbd83eee53e7978925168fe068709e1344050fdabf4043695084b2ccc"},
    {file = "torch-1.13.1+cu116-cp311-cp311-linux_x86_64.whl", hash = "sha256:8cbfbb27f44fcc246d298f3812f3f7963622b4c1f2823670ae549416199f5ef7"},
    {file = "torch-1.13.1+cu116-cp37-cp37m-linux_x86_64.whl", hash = "sha256:20d7c6e00804b6bea6f69b77240c4fcdf244cce2f6b1ff73beff7c0df6553d9d"},
    {file = "torch-1.13.1+cu116-cp37-cp37m-win_amd64.whl", hash = "sha256:c2493a30d0c5ff426fad3d60d9d535c24678b45cc4ce1cffca0f1044d408cb96"},
    {file = "torch-1.13.1+cu116-cp38-cp38-linux_x86_64.whl", hash = "sha256:9338faa0a5a0eb625e17e39729f06fb0a574098d7ab88d856bbda4cb76a0b665"},
    {file = "torch-1.13.1+cu116-cp38-cp38-win_amd64.whl", hash = "sha256:1c33942d411d4dee25e56755cfd09538f53a497a6f0453d54ce96a5ca341627b"},
    {file = "torch-1.13.1+cu116-cp39-cp39-linux_x86_64.whl", hash = "sha256:db457a822d736013b6ffe509053001bc918bdd78fe68967b605f53984a9afac5"},
    {file = "torch-1.13.1+cu116-cp39-cp39-win_amd64.whl", hash = "sha256:80a6b55915ac72c087ab85122289431fde5c5a4c85ca83a38c6d11a7ecbfdb35"},
]
typing-extensions = [
    {file = "typing_extensions-4.6.3-py3-none-any.whl", hash = "sha256:88a4153d8505aabbb4e13aacb7c486c2b4a33ca3b3f807914a9b4c844c471c26"},
    {file = "typing_extensions-4.6.3.tar.gz", hash = "sha256:d91d5919357fe7f681a9f2b5b4cb2a5f1ef0a1e9f59c4d8ff0d3491e05c0ffd5"},
]
